
Microsoft Visual Studio Solution File, Format Version 12.00
# Visual Studio Version 16
VisualStudioVersion = 16.0.29025.244
MinimumVisualStudioVersion = 10.0.40219.1
Project("{9A19103F-16F7-4668-BE54-9A1E7A4F7556}") = "AwesomeMPlayer.Api", "src\AwesomeMPlayer.Api\AwesomeMPlayer.Api.csproj", "{3B6F0181-88ED-4E95-ADF7-86262B183778}"
EndProject
Project("{E24C65DC-7377-472B-9ABA-BC803B73C61A}") = "AwesomeMPlayer.Client", "src\AwesomeMPlayer.Client\", "{C472425E-6A08-4142-92F8-26D6561F2A8B}"
	ProjectSection(WebsiteProperties) = preProject
		TargetFrameworkMoniker = ".NETFramework,Version%3Dv4.0"
		Debug.AspNetCompiler.VirtualPath = "/localhost_51258"
		Debug.AspNetCompiler.PhysicalPath = "src\AwesomeMPlayer.Client\"
		Debug.AspNetCompiler.TargetPath = "PrecompiledWeb\localhost_51258\"
		Debug.AspNetCompiler.Updateable = "true"
		Debug.AspNetCompiler.ForceOverwrite = "true"
		Debug.AspNetCompiler.FixedNames = "false"
		Debug.AspNetCompiler.Debug = "True"
		Release.AspNetCompiler.VirtualPath = "/localhost_51258"
		Release.AspNetCompiler.PhysicalPath = "src\AwesomeMPlayer.Client\"
		Release.AspNetCompiler.TargetPath = "PrecompiledWeb\localhost_51258\"
		Release.AspNetCompiler.Updateable = "true"
		Release.AspNetCompiler.ForceOverwrite = "true"
		Release.AspNetCompiler.FixedNames = "false"
		Release.AspNetCompiler.Debug = "False"
		VWDPort = "51258"
	EndProjectSection
EndProject
Global
	GlobalSection(SolutionConfigurationPlatforms) = preSolution
		Debug|Any CPU = Debug|Any CPU
		Release|Any CPU = Release|Any CPU
	EndGlobalSection
	GlobalSection(ProjectConfigurationPlatforms) = postSolution
		{3B6F0181-88ED-4E95-ADF7-86262B183778}.Debug|Any CPU.ActiveCfg = Debug|Any CPU
		{3B6F0181-88ED-4E95-ADF7-86262B183778}.Debug|Any CPU.Build.0 = Debug|Any CPU
		{3B6F0181-88ED-4E95-ADF7-86262B183778}.Release|Any CPU.ActiveCfg = Release|Any CPU
		{3B6F0181-88ED-4E95-ADF7-86262B183778}.Release|Any CPU.Build.0 = Release|Any CPU
		{C472425E-6A08-4142-92F8-26D6561F2A8B}.Debug|Any CPU.ActiveCfg = Debug|Any CPU
		{C472425E-6A08-4142-92F8-26D6561F2A8B}.Debug|Any CPU.Build.0 = Debug|Any CPU
		{C472425E-6A08-4142-92F8-26D6561F2A8B}.Release|Any CPU.ActiveCfg = Debug|Any CPU
		{C472425E-6A08-4142-92F8-26D6561F2A8B}.Release|Any CPU.Build.0 = Debug|Any CPU
	EndGlobalSection
	GlobalSection(SolutionProperties) = preSolution
		HideSolutionNode = FALSE
	EndGlobalSection
	GlobalSection(ExtensibilityGlobals) = postSolution
		SolutionGuid = {28FC6AF6-E6FC-41F6-A0B0-75AE051E2EE9}
	EndGlobalSection
EndGlobal
